// !$*UTF8*$!
{
	archiveVersion = 1;
	classes = {
	};
	objectVersion = 50;
	objects = {

/* Begin PBXBuildFile section */
		A94A1204241E891A006C9F4B /* AppDelegate.swift in Sources */ = {isa = PBXBuildFile; fileRef = A94A1203241E891A006C9F4B /* AppDelegate.swift */; };
		A94A1206241E891A006C9F4B /* SceneDelegate.swift in Sources */ = {isa = PBXBuildFile; fileRef = A94A1205241E891A006C9F4B /* SceneDelegate.swift */; };
		A94A120E241E891A006C9F4B /* LOFOTunisia.xcdatamodeld in Sources */ = {isa = PBXBuildFile; fileRef = A94A120C241E891A006C9F4B /* LOFOTunisia.xcdatamodeld */; };
		A94A1210241E891E006C9F4B /* Assets.xcassets in Resources */ = {isa = PBXBuildFile; fileRef = A94A120F241E891E006C9F4B /* Assets.xcassets */; };
		A94A1213241E891E006C9F4B /* LaunchScreen.storyboard in Resources */ = {isa = PBXBuildFile; fileRef = A94A1211241E891E006C9F4B /* LaunchScreen.storyboard */; };
		A94A121E241E891E006C9F4B /* LOFOTunisiaTests.swift in Sources */ = {isa = PBXBuildFile; fileRef = A94A121D241E891E006C9F4B /* LOFOTunisiaTests.swift */; };
		A94A1229241E891E006C9F4B /* LOFOTunisiaUITests.swift in Sources */ = {isa = PBXBuildFile; fileRef = A94A1228241E891E006C9F4B /* LOFOTunisiaUITests.swift */; };
		A94A124D241E8E15006C9F4B /* Poppins-Thin.otf in Resources */ = {isa = PBXBuildFile; fileRef = A94A123B241E8E14006C9F4B /* Poppins-Thin.otf */; };
		A94A124E241E8E15006C9F4B /* Poppins-ExtraBold.otf in Resources */ = {isa = PBXBuildFile; fileRef = A94A123C241E8E14006C9F4B /* Poppins-ExtraBold.otf */; };
		A94A124F241E8E15006C9F4B /* Poppins-Light.otf in Resources */ = {isa = PBXBuildFile; fileRef = A94A123D241E8E14006C9F4B /* Poppins-Light.otf */; };
		A94A1250241E8E15006C9F4B /* Poppins-Bold.otf in Resources */ = {isa = PBXBuildFile; fileRef = A94A123E241E8E15006C9F4B /* Poppins-Bold.otf */; };
		A94A1251241E8E15006C9F4B /* Poppins-Black.otf in Resources */ = {isa = PBXBuildFile; fileRef = A94A123F241E8E15006C9F4B /* Poppins-Black.otf */; };
		A94A1252241E8E15006C9F4B /* Poppins-MediumItalic.otf in Resources */ = {isa = PBXBuildFile; fileRef = A94A1240241E8E15006C9F4B /* Poppins-MediumItalic.otf */; };
		A94A1253241E8E15006C9F4B /* Poppins-Italic.otf in Resources */ = {isa = PBXBuildFile; fileRef = A94A1241241E8E15006C9F4B /* Poppins-Italic.otf */; };
		A94A1254241E8E15006C9F4B /* Poppins-LightItalic.otf in Resources */ = {isa = PBXBuildFile; fileRef = A94A1242241E8E15006C9F4B /* Poppins-LightItalic.otf */; };
		A94A1255241E8E15006C9F4B /* Poppins-Medium.otf in Resources */ = {isa = PBXBuildFile; fileRef = A94A1243241E8E15006C9F4B /* Poppins-Medium.otf */; };
		A94A1256241E8E15006C9F4B /* Poppins-Regular.otf in Resources */ = {isa = PBXBuildFile; fileRef = A94A1244241E8E15006C9F4B /* Poppins-Regular.otf */; };
		A94A1257241E8E15006C9F4B /* Poppins-SemiBold.otf in Resources */ = {isa = PBXBuildFile; fileRef = A94A1245241E8E15006C9F4B /* Poppins-SemiBold.otf */; };
		A94A1258241E8E15006C9F4B /* Poppins-BoldItalic.otf in Resources */ = {isa = PBXBuildFile; fileRef = A94A1246241E8E15006C9F4B /* Poppins-BoldItalic.otf */; };
		A94A1259241E8E15006C9F4B /* Poppins-BlackItalic.otf in Resources */ = {isa = PBXBuildFile; fileRef = A94A1247241E8E15006C9F4B /* Poppins-BlackItalic.otf */; };
		A94A125A241E8E15006C9F4B /* Poppins-ExtraLightItalic.otf in Resources */ = {isa = PBXBuildFile; fileRef = A94A1248241E8E15006C9F4B /* Poppins-ExtraLightItalic.otf */; };
		A94A125B241E8E15006C9F4B /* Poppins-SemiBoldItalic.otf in Resources */ = {isa = PBXBuildFile; fileRef = A94A1249241E8E15006C9F4B /* Poppins-SemiBoldItalic.otf */; };
		A94A125C241E8E15006C9F4B /* Poppins-ExtraBoldItalic.otf in Resources */ = {isa = PBXBuildFile; fileRef = A94A124A241E8E15006C9F4B /* Poppins-ExtraBoldItalic.otf */; };
		A94A125D241E8E15006C9F4B /* Poppins-ThinItalic.otf in Resources */ = {isa = PBXBuildFile; fileRef = A94A124B241E8E15006C9F4B /* Poppins-ThinItalic.otf */; };
		A94A125E241E8E15006C9F4B /* Poppins-ExtraLight.otf in Resources */ = {isa = PBXBuildFile; fileRef = A94A124C241E8E15006C9F4B /* Poppins-ExtraLight.otf */; };
		A94A1267241E8EE7006C9F4B /* Constants.swift in Sources */ = {isa = PBXBuildFile; fileRef = A94A1266241E8EE7006C9F4B /* Constants.swift */; };
		A94A126A241E8EF0006C9F4B /* UIColorExtension.swift in Sources */ = {isa = PBXBuildFile; fileRef = A94A1268241E8EEF006C9F4B /* UIColorExtension.swift */; };
		A94A126B241E8EF0006C9F4B /* UIViewControllerExtension.swift in Sources */ = {isa = PBXBuildFile; fileRef = A94A1269241E8EEF006C9F4B /* UIViewControllerExtension.swift */; };
		A94A126F241E9DAC006C9F4B /* CustomButton.swift in Sources */ = {isa = PBXBuildFile; fileRef = A94A126C241E9DAC006C9F4B /* CustomButton.swift */; };
		A94A1270241E9DAC006C9F4B /* LOFOTabBar.swift in Sources */ = {isa = PBXBuildFile; fileRef = A94A126D241E9DAC006C9F4B /* LOFOTabBar.swift */; };
		A94A1271241E9DAC006C9F4B /* EllipseView.swift in Sources */ = {isa = PBXBuildFile; fileRef = A94A126E241E9DAC006C9F4B /* EllipseView.swift */; };
		A94A127F241EA374006C9F4B /* localizable.strings in Resources */ = {isa = PBXBuildFile; fileRef = A94A1281241EA374006C9F4B /* localizable.strings */; };
		A94A128A241EA431006C9F4B /* SignUpViewController.swift in Sources */ = {isa = PBXBuildFile; fileRef = A94A1288241EA431006C9F4B /* SignUpViewController.swift */; };
		A94A128B241EA431006C9F4B /* SignUpViewController.xib in Resources */ = {isa = PBXBuildFile; fileRef = A94A1289241EA431006C9F4B /* SignUpViewController.xib */; };
		A94A128E241EA4D9006C9F4B /* SignInViewController.swift in Sources */ = {isa = PBXBuildFile; fileRef = A94A128C241EA4D9006C9F4B /* SignInViewController.swift */; };
		A94A128F241EA4D9006C9F4B /* SignInViewController.xib in Resources */ = {isa = PBXBuildFile; fileRef = A94A128D241EA4D9006C9F4B /* SignInViewController.xib */; };
		A94A1292241EA8AE006C9F4B /* LoginAPIService.swift in Sources */ = {isa = PBXBuildFile; fileRef = A94A1291241EA8AE006C9F4B /* LoginAPIService.swift */; };
		A94A1294241EA948006C9F4B /* AuthAPIService.swift in Sources */ = {isa = PBXBuildFile; fileRef = A94A1293241EA948006C9F4B /* AuthAPIService.swift */; };
		A94A1296241EAEAB006C9F4B /* User.swift in Sources */ = {isa = PBXBuildFile; fileRef = A94A1295241EAEAB006C9F4B /* User.swift */; };
		A977F99D241FD74A00CDDF19 /* SignInProtocoles.swift in Sources */ = {isa = PBXBuildFile; fileRef = A977F99C241FD74A00CDDF19 /* SignInProtocoles.swift */; };
		A977F99F241FE53100CDDF19 /* SignInPresenter.swift in Sources */ = {isa = PBXBuildFile; fileRef = A977F99E241FE53100CDDF19 /* SignInPresenter.swift */; };
		A977F9A1241FE7CD00CDDF19 /* SignInIntercator.swift in Sources */ = {isa = PBXBuildFile; fileRef = A977F9A0241FE7CD00CDDF19 /* SignInIntercator.swift */; };
		A98A647024213B720035ED85 /* SignInRouter.swift in Sources */ = {isa = PBXBuildFile; fileRef = A98A646F24213B720035ED85 /* SignInRouter.swift */; };
		A98A64762421420D0035ED85 /* AddLostViewController.swift in Sources */ = {isa = PBXBuildFile; fileRef = A98A64742421420D0035ED85 /* AddLostViewController.swift */; };
		A98A64772421420D0035ED85 /* AddLostViewController.xib in Resources */ = {isa = PBXBuildFile; fileRef = A98A64752421420D0035ED85 /* AddLostViewController.xib */; };
		A98A647C242142560035ED85 /* SearchViewController.xib in Resources */ = {isa = PBXBuildFile; fileRef = A98A647A242142560035ED85 /* SearchViewController.xib */; };
		A98A647D242142560035ED85 /* SearchViewController.swift in Sources */ = {isa = PBXBuildFile; fileRef = A98A647B242142560035ED85 /* SearchViewController.swift */; };
		A98A6482242142900035ED85 /* NotificationsViewController.xib in Resources */ = {isa = PBXBuildFile; fileRef = A98A6480242142900035ED85 /* NotificationsViewController.xib */; };
		A98A6483242142900035ED85 /* NotificationsViewController.swift in Sources */ = {isa = PBXBuildFile; fileRef = A98A6481242142900035ED85 /* NotificationsViewController.swift */; };
		A98A648E242144850035ED85 /* ChatViewController.xib in Resources */ = {isa = PBXBuildFile; fileRef = A98A648C242144850035ED85 /* ChatViewController.xib */; };
		A98A648F242144850035ED85 /* ChatViewController.swift in Sources */ = {isa = PBXBuildFile; fileRef = A98A648D242144850035ED85 /* ChatViewController.swift */; };
		A98A6496242144EF0035ED85 /* HomeListViewController.swift in Sources */ = {isa = PBXBuildFile; fileRef = A98A6494242144EF0035ED85 /* HomeListViewController.swift */; };
		A98A6497242144EF0035ED85 /* HomeListViewController.xib in Resources */ = {isa = PBXBuildFile; fileRef = A98A6495242144EF0035ED85 /* HomeListViewController.xib */; };
		A98A649B242145210035ED85 /* HomeMapViewController.swift in Sources */ = {isa = PBXBuildFile; fileRef = A98A6499242145210035ED85 /* HomeMapViewController.swift */; };
		A98A649C242145210035ED85 /* HomeMapViewController.xib in Resources */ = {isa = PBXBuildFile; fileRef = A98A649A242145210035ED85 /* HomeMapViewController.xib */; };
		A98A64A1242145840035ED85 /* LOFOTabBarController.swift in Sources */ = {isa = PBXBuildFile; fileRef = A98A649F242145840035ED85 /* LOFOTabBarController.swift */; };
		A98A64A2242145840035ED85 /* LOFOTabBarController.xib in Resources */ = {isa = PBXBuildFile; fileRef = A98A64A0242145840035ED85 /* LOFOTabBarController.xib */; };
		A98A64A424215C650035ED85 /* LOFOBackButton.swift in Sources */ = {isa = PBXBuildFile; fileRef = A98A64A324215C650035ED85 /* LOFOBackButton.swift */; };
/* End PBXBuildFile section */

/* Begin PBXContainerItemProxy section */
		A94A121A241E891E006C9F4B /* PBXContainerItemProxy */ = {
			isa = PBXContainerItemProxy;
			containerPortal = A94A11F8241E891A006C9F4B /* Project object */;
			proxyType = 1;
			remoteGlobalIDString = A94A11FF241E891A006C9F4B;
			remoteInfo = LOFOTunisia;
		};
		A94A1225241E891E006C9F4B /* PBXContainerItemProxy */ = {
			isa = PBXContainerItemProxy;
			containerPortal = A94A11F8241E891A006C9F4B /* Project object */;
			proxyType = 1;
			remoteGlobalIDString = A94A11FF241E891A006C9F4B;
			remoteInfo = LOFOTunisia;
		};
/* End PBXContainerItemProxy section */

/* Begin PBXFileReference section */
		A94A1200241E891A006C9F4B /* LOFOTunisia.app */ = {isa = PBXFileReference; explicitFileType = wrapper.application; includeInIndex = 0; path = LOFOTunisia.app; sourceTree = BUILT_PRODUCTS_DIR; };
		A94A1203241E891A006C9F4B /* AppDelegate.swift */ = {isa = PBXFileReference; lastKnownFileType = sourcecode.swift; path = AppDelegate.swift; sourceTree = "<group>"; };
		A94A1205241E891A006C9F4B /* SceneDelegate.swift */ = {isa = PBXFileReference; lastKnownFileType = sourcecode.swift; path = SceneDelegate.swift; sourceTree = "<group>"; };
		A94A120D241E891A006C9F4B /* LOFOTunisia.xcdatamodel */ = {isa = PBXFileReference; lastKnownFileType = wrapper.xcdatamodel; path = LOFOTunisia.xcdatamodel; sourceTree = "<group>"; };
		A94A120F241E891E006C9F4B /* Assets.xcassets */ = {isa = PBXFileReference; lastKnownFileType = folder.assetcatalog; path = Assets.xcassets; sourceTree = "<group>"; };
		A94A1212241E891E006C9F4B /* Base */ = {isa = PBXFileReference; lastKnownFileType = file.storyboard; name = Base; path = Base.lproj/LaunchScreen.storyboard; sourceTree = "<group>"; };
		A94A1214241E891E006C9F4B /* Info.plist */ = {isa = PBXFileReference; lastKnownFileType = text.plist.xml; path = Info.plist; sourceTree = "<group>"; };
		A94A1219241E891E006C9F4B /* LOFOTunisiaTests.xctest */ = {isa = PBXFileReference; explicitFileType = wrapper.cfbundle; includeInIndex = 0; path = LOFOTunisiaTests.xctest; sourceTree = BUILT_PRODUCTS_DIR; };
		A94A121D241E891E006C9F4B /* LOFOTunisiaTests.swift */ = {isa = PBXFileReference; lastKnownFileType = sourcecode.swift; path = LOFOTunisiaTests.swift; sourceTree = "<group>"; };
		A94A121F241E891E006C9F4B /* Info.plist */ = {isa = PBXFileReference; lastKnownFileType = text.plist.xml; path = Info.plist; sourceTree = "<group>"; };
		A94A1224241E891E006C9F4B /* LOFOTunisiaUITests.xctest */ = {isa = PBXFileReference; explicitFileType = wrapper.cfbundle; includeInIndex = 0; path = LOFOTunisiaUITests.xctest; sourceTree = BUILT_PRODUCTS_DIR; };
		A94A1228241E891E006C9F4B /* LOFOTunisiaUITests.swift */ = {isa = PBXFileReference; lastKnownFileType = sourcecode.swift; path = LOFOTunisiaUITests.swift; sourceTree = "<group>"; };
		A94A122A241E891E006C9F4B /* Info.plist */ = {isa = PBXFileReference; lastKnownFileType = text.plist.xml; path = Info.plist; sourceTree = "<group>"; };
		A94A123B241E8E14006C9F4B /* Poppins-Thin.otf */ = {isa = PBXFileReference; lastKnownFileType = file; path = "Poppins-Thin.otf"; sourceTree = "<group>"; };
		A94A123C241E8E14006C9F4B /* Poppins-ExtraBold.otf */ = {isa = PBXFileReference; lastKnownFileType = file; path = "Poppins-ExtraBold.otf"; sourceTree = "<group>"; };
		A94A123D241E8E14006C9F4B /* Poppins-Light.otf */ = {isa = PBXFileReference; lastKnownFileType = file; path = "Poppins-Light.otf"; sourceTree = "<group>"; };
		A94A123E241E8E15006C9F4B /* Poppins-Bold.otf */ = {isa = PBXFileReference; lastKnownFileType = file; path = "Poppins-Bold.otf"; sourceTree = "<group>"; };
		A94A123F241E8E15006C9F4B /* Poppins-Black.otf */ = {isa = PBXFileReference; lastKnownFileType = file; path = "Poppins-Black.otf"; sourceTree = "<group>"; };
		A94A1240241E8E15006C9F4B /* Poppins-MediumItalic.otf */ = {isa = PBXFileReference; lastKnownFileType = file; path = "Poppins-MediumItalic.otf"; sourceTree = "<group>"; };
		A94A1241241E8E15006C9F4B /* Poppins-Italic.otf */ = {isa = PBXFileReference; lastKnownFileType = file; path = "Poppins-Italic.otf"; sourceTree = "<group>"; };
		A94A1242241E8E15006C9F4B /* Poppins-LightItalic.otf */ = {isa = PBXFileReference; lastKnownFileType = file; path = "Poppins-LightItalic.otf"; sourceTree = "<group>"; };
		A94A1243241E8E15006C9F4B /* Poppins-Medium.otf */ = {isa = PBXFileReference; lastKnownFileType = file; path = "Poppins-Medium.otf"; sourceTree = "<group>"; };
		A94A1244241E8E15006C9F4B /* Poppins-Regular.otf */ = {isa = PBXFileReference; lastKnownFileType = file; path = "Poppins-Regular.otf"; sourceTree = "<group>"; };
		A94A1245241E8E15006C9F4B /* Poppins-SemiBold.otf */ = {isa = PBXFileReference; lastKnownFileType = file; path = "Poppins-SemiBold.otf"; sourceTree = "<group>"; };
		A94A1246241E8E15006C9F4B /* Poppins-BoldItalic.otf */ = {isa = PBXFileReference; lastKnownFileType = file; path = "Poppins-BoldItalic.otf"; sourceTree = "<group>"; };
		A94A1247241E8E15006C9F4B /* Poppins-BlackItalic.otf */ = {isa = PBXFileReference; lastKnownFileType = file; path = "Poppins-BlackItalic.otf"; sourceTree = "<group>"; };
		A94A1248241E8E15006C9F4B /* Poppins-ExtraLightItalic.otf */ = {isa = PBXFileReference; lastKnownFileType = file; path = "Poppins-ExtraLightItalic.otf"; sourceTree = "<group>"; };
		A94A1249241E8E15006C9F4B /* Poppins-SemiBoldItalic.otf */ = {isa = PBXFileReference; lastKnownFileType = file; path = "Poppins-SemiBoldItalic.otf"; sourceTree = "<group>"; };
		A94A124A241E8E15006C9F4B /* Poppins-ExtraBoldItalic.otf */ = {isa = PBXFileReference; lastKnownFileType = file; path = "Poppins-ExtraBoldItalic.otf"; sourceTree = "<group>"; };
		A94A124B241E8E15006C9F4B /* Poppins-ThinItalic.otf */ = {isa = PBXFileReference; lastKnownFileType = file; path = "Poppins-ThinItalic.otf"; sourceTree = "<group>"; };
		A94A124C241E8E15006C9F4B /* Poppins-ExtraLight.otf */ = {isa = PBXFileReference; lastKnownFileType = file; path = "Poppins-ExtraLight.otf"; sourceTree = "<group>"; };
		A94A1266241E8EE7006C9F4B /* Constants.swift */ = {isa = PBXFileReference; fileEncoding = 4; lastKnownFileType = sourcecode.swift; path = Constants.swift; sourceTree = "<group>"; };
		A94A1268241E8EEF006C9F4B /* UIColorExtension.swift */ = {isa = PBXFileReference; fileEncoding = 4; lastKnownFileType = sourcecode.swift; path = UIColorExtension.swift; sourceTree = "<group>"; };
		A94A1269241E8EEF006C9F4B /* UIViewControllerExtension.swift */ = {isa = PBXFileReference; fileEncoding = 4; lastKnownFileType = sourcecode.swift; path = UIViewControllerExtension.swift; sourceTree = "<group>"; };
		A94A126C241E9DAC006C9F4B /* CustomButton.swift */ = {isa = PBXFileReference; fileEncoding = 4; lastKnownFileType = sourcecode.swift; path = CustomButton.swift; sourceTree = "<group>"; };
		A94A126D241E9DAC006C9F4B /* LOFOTabBar.swift */ = {isa = PBXFileReference; fileEncoding = 4; lastKnownFileType = sourcecode.swift; path = LOFOTabBar.swift; sourceTree = "<group>"; };
		A94A126E241E9DAC006C9F4B /* EllipseView.swift */ = {isa = PBXFileReference; fileEncoding = 4; lastKnownFileType = sourcecode.swift; path = EllipseView.swift; sourceTree = "<group>"; };
		A94A1280241EA374006C9F4B /* en */ = {isa = PBXFileReference; lastKnownFileType = text.plist.strings; name = en; path = en.lproj/localizable.strings; sourceTree = "<group>"; };
		A94A1282241EA384006C9F4B /* fr */ = {isa = PBXFileReference; lastKnownFileType = text.plist.strings; name = fr; path = fr.lproj/LaunchScreen.strings; sourceTree = "<group>"; };
		A94A1283241EA384006C9F4B /* fr */ = {isa = PBXFileReference; lastKnownFileType = text.plist.strings; name = fr; path = fr.lproj/localizable.strings; sourceTree = "<group>"; };
		A94A1288241EA431006C9F4B /* SignUpViewController.swift */ = {isa = PBXFileReference; fileEncoding = 4; lastKnownFileType = sourcecode.swift; path = SignUpViewController.swift; sourceTree = "<group>"; };
		A94A1289241EA431006C9F4B /* SignUpViewController.xib */ = {isa = PBXFileReference; fileEncoding = 4; lastKnownFileType = file.xib; path = SignUpViewController.xib; sourceTree = "<group>"; };
		A94A128C241EA4D9006C9F4B /* SignInViewController.swift */ = {isa = PBXFileReference; fileEncoding = 4; lastKnownFileType = sourcecode.swift; path = SignInViewController.swift; sourceTree = "<group>"; };
		A94A128D241EA4D9006C9F4B /* SignInViewController.xib */ = {isa = PBXFileReference; fileEncoding = 4; lastKnownFileType = file.xib; path = SignInViewController.xib; sourceTree = "<group>"; };
		A94A1291241EA8AE006C9F4B /* LoginAPIService.swift */ = {isa = PBXFileReference; fileEncoding = 4; lastKnownFileType = sourcecode.swift; path = LoginAPIService.swift; sourceTree = "<group>"; };
		A94A1293241EA948006C9F4B /* AuthAPIService.swift */ = {isa = PBXFileReference; fileEncoding = 4; lastKnownFileType = sourcecode.swift; path = AuthAPIService.swift; sourceTree = "<group>"; };
		A94A1295241EAEAB006C9F4B /* User.swift */ = {isa = PBXFileReference; lastKnownFileType = sourcecode.swift; path = User.swift; sourceTree = "<group>"; };
		A977F99C241FD74A00CDDF19 /* SignInProtocoles.swift */ = {isa = PBXFileReference; lastKnownFileType = sourcecode.swift; path = SignInProtocoles.swift; sourceTree = "<group>"; };
		A977F99E241FE53100CDDF19 /* SignInPresenter.swift */ = {isa = PBXFileReference; lastKnownFileType = sourcecode.swift; path = SignInPresenter.swift; sourceTree = "<group>"; };
		A977F9A0241FE7CD00CDDF19 /* SignInIntercator.swift */ = {isa = PBXFileReference; lastKnownFileType = sourcecode.swift; path = SignInIntercator.swift; sourceTree = "<group>"; };
		A98A646F24213B720035ED85 /* SignInRouter.swift */ = {isa = PBXFileReference; lastKnownFileType = sourcecode.swift; path = SignInRouter.swift; sourceTree = "<group>"; };
		A98A64742421420D0035ED85 /* AddLostViewController.swift */ = {isa = PBXFileReference; fileEncoding = 4; lastKnownFileType = sourcecode.swift; path = AddLostViewController.swift; sourceTree = "<group>"; };
		A98A64752421420D0035ED85 /* AddLostViewController.xib */ = {isa = PBXFileReference; fileEncoding = 4; lastKnownFileType = file.xib; path = AddLostViewController.xib; sourceTree = "<group>"; };
		A98A647A242142560035ED85 /* SearchViewController.xib */ = {isa = PBXFileReference; fileEncoding = 4; lastKnownFileType = file.xib; path = SearchViewController.xib; sourceTree = "<group>"; };
		A98A647B242142560035ED85 /* SearchViewController.swift */ = {isa = PBXFileReference; fileEncoding = 4; lastKnownFileType = sourcecode.swift; path = SearchViewController.swift; sourceTree = "<group>"; };
		A98A6480242142900035ED85 /* NotificationsViewController.xib */ = {isa = PBXFileReference; fileEncoding = 4; lastKnownFileType = file.xib; path = NotificationsViewController.xib; sourceTree = "<group>"; };
		A98A6481242142900035ED85 /* NotificationsViewController.swift */ = {isa = PBXFileReference; fileEncoding = 4; lastKnownFileType = sourcecode.swift; path = NotificationsViewController.swift; sourceTree = "<group>"; };
		A98A648C242144850035ED85 /* ChatViewController.xib */ = {isa = PBXFileReference; fileEncoding = 4; lastKnownFileType = file.xib; path = ChatViewController.xib; sourceTree = "<group>"; };
		A98A648D242144850035ED85 /* ChatViewController.swift */ = {isa = PBXFileReference; fileEncoding = 4; lastKnownFileType = sourcecode.swift; path = ChatViewController.swift; sourceTree = "<group>"; };
		A98A6494242144EF0035ED85 /* HomeListViewController.swift */ = {isa = PBXFileReference; fileEncoding = 4; lastKnownFileType = sourcecode.swift; path = HomeListViewController.swift; sourceTree = "<group>"; };
		A98A6495242144EF0035ED85 /* HomeListViewController.xib */ = {isa = PBXFileReference; fileEncoding = 4; lastKnownFileType = file.xib; path = HomeListViewController.xib; sourceTree = "<group>"; };
		A98A6499242145210035ED85 /* HomeMapViewController.swift */ = {isa = PBXFileReference; fileEncoding = 4; lastKnownFileType = sourcecode.swift; path = HomeMapViewController.swift; sourceTree = "<group>"; };
		A98A649A242145210035ED85 /* HomeMapViewController.xib */ = {isa = PBXFileReference; fileEncoding = 4; lastKnownFileType = file.xib; path = HomeMapViewController.xib; sourceTree = "<group>"; };
		A98A649F242145840035ED85 /* LOFOTabBarController.swift */ = {isa = PBXFileReference; fileEncoding = 4; lastKnownFileType = sourcecode.swift; path = LOFOTabBarController.swift; sourceTree = "<group>"; };
		A98A64A0242145840035ED85 /* LOFOTabBarController.xib */ = {isa = PBXFileReference; fileEncoding = 4; lastKnownFileType = file.xib; path = LOFOTabBarController.xib; sourceTree = "<group>"; };
		A98A64A324215C650035ED85 /* LOFOBackButton.swift */ = {isa = PBXFileReference; lastKnownFileType = sourcecode.swift; path = LOFOBackButton.swift; sourceTree = "<group>"; };
/* End PBXFileReference section */

/* Begin PBXFrameworksBuildPhase section */
		A94A11FD241E891A006C9F4B /* Frameworks */ = {
			isa = PBXFrameworksBuildPhase;
			buildActionMask = 2147483647;
			files = (
			);
			runOnlyForDeploymentPostprocessing = 0;
		};
		A94A1216241E891E006C9F4B /* Frameworks */ = {
			isa = PBXFrameworksBuildPhase;
			buildActionMask = 2147483647;
			files = (
			);
			runOnlyForDeploymentPostprocessing = 0;
		};
		A94A1221241E891E006C9F4B /* Frameworks */ = {
			isa = PBXFrameworksBuildPhase;
			buildActionMask = 2147483647;
			files = (
			);
			runOnlyForDeploymentPostprocessing = 0;
		};
/* End PBXFrameworksBuildPhase section */

/* Begin PBXGroup section */
		A94A11F7241E891A006C9F4B = {
			isa = PBXGroup;
			children = (
				A94A1202241E891A006C9F4B /* LOFOTunisia */,
				A94A121C241E891E006C9F4B /* LOFOTunisiaTests */,
				A94A1227241E891E006C9F4B /* LOFOTunisiaUITests */,
				A94A1201241E891A006C9F4B /* Products */,
			);
			sourceTree = "<group>";
		};
		A94A1201241E891A006C9F4B /* Products */ = {
			isa = PBXGroup;
			children = (
				A94A1200241E891A006C9F4B /* LOFOTunisia.app */,
				A94A1219241E891E006C9F4B /* LOFOTunisiaTests.xctest */,
				A94A1224241E891E006C9F4B /* LOFOTunisiaUITests.xctest */,
			);
			name = Products;
			sourceTree = "<group>";
		};
		A94A1202241E891A006C9F4B /* LOFOTunisia */ = {
			isa = PBXGroup;
			children = (
				A94A1272241E9E7A006C9F4B /* Modules */,
				A94A1236241E8D72006C9F4B /* Configurations */,
				A94A1211241E891E006C9F4B /* LaunchScreen.storyboard */,
			);
			path = LOFOTunisia;
			sourceTree = "<group>";
		};
		A94A121C241E891E006C9F4B /* LOFOTunisiaTests */ = {
			isa = PBXGroup;
			children = (
				A94A121D241E891E006C9F4B /* LOFOTunisiaTests.swift */,
				A94A121F241E891E006C9F4B /* Info.plist */,
			);
			path = LOFOTunisiaTests;
			sourceTree = "<group>";
		};
		A94A1227241E891E006C9F4B /* LOFOTunisiaUITests */ = {
			isa = PBXGroup;
			children = (
				A94A1228241E891E006C9F4B /* LOFOTunisiaUITests.swift */,
				A94A122A241E891E006C9F4B /* Info.plist */,
			);
			path = LOFOTunisiaUITests;
			sourceTree = "<group>";
		};
		A94A1236241E8D72006C9F4B /* Configurations */ = {
			isa = PBXGroup;
			children = (
				A94A1214241E891E006C9F4B /* Info.plist */,
				A94A1237241E8D8F006C9F4B /* Commons Files */,
			);
			path = Configurations;
			sourceTree = "<group>";
		};
		A94A1237241E8D8F006C9F4B /* Commons Files */ = {
			isa = PBXGroup;
			children = (
				A94A1265241E8E89006C9F4B /* DataBase */,
				A94A1264241E8E66006C9F4B /* Localizations */,
				A94A1263241E8E53006C9F4B /* Colors */,
				A94A125F241E8E24006C9F4B /* Helpers */,
				A94A123A241E8DF2006C9F4B /* Fonts */,
				A94A1239241E8DE1006C9F4B /* Media */,
				A94A1238241E8D9E006C9F4B /* UIApplication */,
			);
			path = "Commons Files";
			sourceTree = "<group>";
		};
		A94A1238241E8D9E006C9F4B /* UIApplication */ = {
			isa = PBXGroup;
			children = (
				A94A1203241E891A006C9F4B /* AppDelegate.swift */,
				A94A1205241E891A006C9F4B /* SceneDelegate.swift */,
			);
			path = UIApplication;
			sourceTree = "<group>";
		};
		A94A1239241E8DE1006C9F4B /* Media */ = {
			isa = PBXGroup;
			children = (
				A94A120F241E891E006C9F4B /* Assets.xcassets */,
			);
			path = Media;
			sourceTree = "<group>";
		};
		A94A123A241E8DF2006C9F4B /* Fonts */ = {
			isa = PBXGroup;
			children = (
				A94A123F241E8E15006C9F4B /* Poppins-Black.otf */,
				A94A1247241E8E15006C9F4B /* Poppins-BlackItalic.otf */,
				A94A123E241E8E15006C9F4B /* Poppins-Bold.otf */,
				A94A1246241E8E15006C9F4B /* Poppins-BoldItalic.otf */,
				A94A123C241E8E14006C9F4B /* Poppins-ExtraBold.otf */,
				A94A124A241E8E15006C9F4B /* Poppins-ExtraBoldItalic.otf */,
				A94A124C241E8E15006C9F4B /* Poppins-ExtraLight.otf */,
				A94A1248241E8E15006C9F4B /* Poppins-ExtraLightItalic.otf */,
				A94A1241241E8E15006C9F4B /* Poppins-Italic.otf */,
				A94A123D241E8E14006C9F4B /* Poppins-Light.otf */,
				A94A1242241E8E15006C9F4B /* Poppins-LightItalic.otf */,
				A94A1243241E8E15006C9F4B /* Poppins-Medium.otf */,
				A94A1240241E8E15006C9F4B /* Poppins-MediumItalic.otf */,
				A94A1244241E8E15006C9F4B /* Poppins-Regular.otf */,
				A94A1245241E8E15006C9F4B /* Poppins-SemiBold.otf */,
				A94A1249241E8E15006C9F4B /* Poppins-SemiBoldItalic.otf */,
				A94A123B241E8E14006C9F4B /* Poppins-Thin.otf */,
				A94A124B241E8E15006C9F4B /* Poppins-ThinItalic.otf */,
			);
			path = Fonts;
			sourceTree = "<group>";
		};
		A94A125F241E8E24006C9F4B /* Helpers */ = {
			isa = PBXGroup;
			children = (
				A94A1262241E8E44006C9F4B /* CustomsControls */,
				A94A1261241E8E35006C9F4B /* Extensions */,
				A94A1260241E8E2C006C9F4B /* Utilities */,
			);
			path = Helpers;
			sourceTree = "<group>";
		};
		A94A1260241E8E2C006C9F4B /* Utilities */ = {
			isa = PBXGroup;
			children = (
				A94A1266241E8EE7006C9F4B /* Constants.swift */,
			);
			path = Utilities;
			sourceTree = "<group>";
		};
		A94A1261241E8E35006C9F4B /* Extensions */ = {
			isa = PBXGroup;
			children = (
				A94A1268241E8EEF006C9F4B /* UIColorExtension.swift */,
				A94A1269241E8EEF006C9F4B /* UIViewControllerExtension.swift */,
			);
			path = Extensions;
			sourceTree = "<group>";
		};
		A94A1262241E8E44006C9F4B /* CustomsControls */ = {
			isa = PBXGroup;
			children = (
				A94A126C241E9DAC006C9F4B /* CustomButton.swift */,
				A94A126E241E9DAC006C9F4B /* EllipseView.swift */,
				A94A126D241E9DAC006C9F4B /* LOFOTabBar.swift */,
				A98A64A324215C650035ED85 /* LOFOBackButton.swift */,
			);
			path = CustomsControls;
			sourceTree = "<group>";
		};
		A94A1263241E8E53006C9F4B /* Colors */ = {
			isa = PBXGroup;
			children = (
			);
			path = Colors;
			sourceTree = "<group>";
		};
		A94A1264241E8E66006C9F4B /* Localizations */ = {
			isa = PBXGroup;
			children = (
				A94A1281241EA374006C9F4B /* localizable.strings */,
			);
			path = Localizations;
			sourceTree = "<group>";
		};
		A94A1265241E8E89006C9F4B /* DataBase */ = {
			isa = PBXGroup;
			children = (
				A94A120C241E891A006C9F4B /* LOFOTunisia.xcdatamodeld */,
			);
			path = DataBase;
			sourceTree = "<group>";
		};
		A94A1272241E9E7A006C9F4B /* Modules */ = {
			isa = PBXGroup;
			children = (
				A94A1278241E9F22006C9F4B /* Authentification */,
				A94A1273241E9EB2006C9F4B /* DashBoard */,
				A94A1274241E9EC4006C9F4B /* Entities */,
			);
			path = Modules;
			sourceTree = "<group>";
		};
		A94A1273241E9EB2006C9F4B /* DashBoard */ = {
			isa = PBXGroup;
			children = (
				A98A649D242145360035ED85 /* LOFOTabBar */,
				A98A6490242144AA0035ED85 /* Home */,
				A98A64842421429F0035ED85 /* Chat */,
				A98A647E242142620035ED85 /* Notifications */,
				A98A6478242142190035ED85 /* Search */,
				A98A6472242141DB0035ED85 /* AddLost */,
				A98A647124213C130035ED85 /* MyLostedElements */,
			);
			path = DashBoard;
			sourceTree = "<group>";
		};
		A94A1274241E9EC4006C9F4B /* Entities */ = {
			isa = PBXGroup;
			children = (
				A94A1295241EAEAB006C9F4B /* User.swift */,
			);
			path = Entities;
			sourceTree = "<group>";
		};
		A94A1275241E9ECD006C9F4B /* Intercators */ = {
			isa = PBXGroup;
			children = (
				A977F9A0241FE7CD00CDDF19 /* SignInIntercator.swift */,
			);
			path = Intercators;
			sourceTree = "<group>";
		};
		A94A1276241E9EEB006C9F4B /* Cache */ = {
			isa = PBXGroup;
			children = (
			);
			path = Cache;
			sourceTree = "<group>";
		};
		A94A1277241E9EF2006C9F4B /* Networking */ = {
			isa = PBXGroup;
			children = (
				A94A1291241EA8AE006C9F4B /* LoginAPIService.swift */,
			);
			path = Networking;
			sourceTree = "<group>";
		};
		A94A1278241E9F22006C9F4B /* Authentification */ = {
			isa = PBXGroup;
			children = (
				A94A127B241E9F74006C9F4B /* SignUp */,
				A94A127A241E9F65006C9F4B /* SignIn */,
				A94A1276241E9EEB006C9F4B /* Cache */,
				A94A1277241E9EF2006C9F4B /* Networking */,
				A94A1279241E9F38006C9F4B /* Protocoles */,
			);
			path = Authentification;
			sourceTree = "<group>";
		};
		A94A1279241E9F38006C9F4B /* Protocoles */ = {
			isa = PBXGroup;
			children = (
				A94A1293241EA948006C9F4B /* AuthAPIService.swift */,
				A977F99C241FD74A00CDDF19 /* SignInProtocoles.swift */,
			);
			path = Protocoles;
			sourceTree = "<group>";
		};
		A94A127A241E9F65006C9F4B /* SignIn */ = {
			isa = PBXGroup;
			children = (
				A94A1275241E9ECD006C9F4B /* Intercators */,
				A94A1297241EB067006C9F4B /* Router */,
				A94A1285241EA3D4006C9F4B /* Presenter */,
				A94A1284241EA3CA006C9F4B /* Views */,
			);
			path = SignIn;
			sourceTree = "<group>";
		};
		A94A127B241E9F74006C9F4B /* SignUp */ = {
			isa = PBXGroup;
			children = (
				A94A1299241EB0BF006C9F4B /* Interactors */,
				A94A1298241EB06F006C9F4B /* Router */,
				A94A1287241EA3F5006C9F4B /* Presenter */,
				A94A1286241EA3ED006C9F4B /* Views */,
			);
			path = SignUp;
			sourceTree = "<group>";
		};
		A94A1284241EA3CA006C9F4B /* Views */ = {
			isa = PBXGroup;
			children = (
				A94A128C241EA4D9006C9F4B /* SignInViewController.swift */,
				A94A128D241EA4D9006C9F4B /* SignInViewController.xib */,
			);
			path = Views;
			sourceTree = "<group>";
		};
		A94A1285241EA3D4006C9F4B /* Presenter */ = {
			isa = PBXGroup;
			children = (
				A977F99E241FE53100CDDF19 /* SignInPresenter.swift */,
			);
			path = Presenter;
			sourceTree = "<group>";
		};
		A94A1286241EA3ED006C9F4B /* Views */ = {
			isa = PBXGroup;
			children = (
				A94A1288241EA431006C9F4B /* SignUpViewController.swift */,
				A94A1289241EA431006C9F4B /* SignUpViewController.xib */,
			);
			path = Views;
			sourceTree = "<group>";
		};
		A94A1287241EA3F5006C9F4B /* Presenter */ = {
			isa = PBXGroup;
			children = (
			);
			path = Presenter;
			sourceTree = "<group>";
		};
		A94A1297241EB067006C9F4B /* Router */ = {
			isa = PBXGroup;
			children = (
				A98A646F24213B720035ED85 /* SignInRouter.swift */,
			);
			path = Router;
			sourceTree = "<group>";
		};
		A94A1298241EB06F006C9F4B /* Router */ = {
			isa = PBXGroup;
			children = (
			);
			path = Router;
			sourceTree = "<group>";
		};
		A94A1299241EB0BF006C9F4B /* Interactors */ = {
			isa = PBXGroup;
			children = (
			);
			path = Interactors;
			sourceTree = "<group>";
		};
		A98A647124213C130035ED85 /* MyLostedElements */ = {
			isa = PBXGroup;
			children = (
			);
			path = MyLostedElements;
			sourceTree = "<group>";
		};
		A98A6472242141DB0035ED85 /* AddLost */ = {
			isa = PBXGroup;
			children = (
				A98A6473242141EB0035ED85 /* Views */,
			);
			path = AddLost;
			sourceTree = "<group>";
		};
		A98A6473242141EB0035ED85 /* Views */ = {
			isa = PBXGroup;
			children = (
				A98A64742421420D0035ED85 /* AddLostViewController.swift */,
				A98A64752421420D0035ED85 /* AddLostViewController.xib */,
			);
			path = Views;
			sourceTree = "<group>";
		};
		A98A6478242142190035ED85 /* Search */ = {
			isa = PBXGroup;
			children = (
				A98A6479242142240035ED85 /* Views */,
			);
			path = Search;
			sourceTree = "<group>";
		};
		A98A6479242142240035ED85 /* Views */ = {
			isa = PBXGroup;
			children = (
				A98A647B242142560035ED85 /* SearchViewController.swift */,
				A98A647A242142560035ED85 /* SearchViewController.xib */,
			);
			path = Views;
			sourceTree = "<group>";
		};
		A98A647E242142620035ED85 /* Notifications */ = {
			isa = PBXGroup;
			children = (
				A98A647F2421426F0035ED85 /* Views */,
			);
			path = Notifications;
			sourceTree = "<group>";
		};
		A98A647F2421426F0035ED85 /* Views */ = {
			isa = PBXGroup;
			children = (
				A98A6481242142900035ED85 /* NotificationsViewController.swift */,
				A98A6480242142900035ED85 /* NotificationsViewController.xib */,
			);
			path = Views;
			sourceTree = "<group>";
		};
		A98A64842421429F0035ED85 /* Chat */ = {
			isa = PBXGroup;
			children = (
				A98A64862421435F0035ED85 /* List Chat */,
				A98A6485242143530035ED85 /* Chat Room */,
			);
			path = Chat;
			sourceTree = "<group>";
		};
		A98A6485242143530035ED85 /* Chat Room */ = {
			isa = PBXGroup;
			children = (
			);
			path = "Chat Room";
			sourceTree = "<group>";
		};
		A98A64862421435F0035ED85 /* List Chat */ = {
			isa = PBXGroup;
			children = (
				A98A6487242144320035ED85 /* Views */,
			);
			path = "List Chat";
			sourceTree = "<group>";
		};
		A98A6487242144320035ED85 /* Views */ = {
			isa = PBXGroup;
			children = (
				A98A648D242144850035ED85 /* ChatViewController.swift */,
				A98A648C242144850035ED85 /* ChatViewController.xib */,
			);
			path = Views;
			sourceTree = "<group>";
		};
		A98A6490242144AA0035ED85 /* Home */ = {
			isa = PBXGroup;
			children = (
				A98A6492242144BD0035ED85 /* Map */,
				A98A6491242144B70035ED85 /* List */,
			);
			path = Home;
			sourceTree = "<group>";
		};
		A98A6491242144B70035ED85 /* List */ = {
			isa = PBXGroup;
			children = (
				A98A6493242144C70035ED85 /* Views */,
			);
			path = List;
			sourceTree = "<group>";
		};
		A98A6492242144BD0035ED85 /* Map */ = {
			isa = PBXGroup;
			children = (
				A98A6498242144FC0035ED85 /* Views */,
			);
			path = Map;
			sourceTree = "<group>";
		};
		A98A6493242144C70035ED85 /* Views */ = {
			isa = PBXGroup;
			children = (
				A98A6494242144EF0035ED85 /* HomeListViewController.swift */,
				A98A6495242144EF0035ED85 /* HomeListViewController.xib */,
			);
			path = Views;
			sourceTree = "<group>";
		};
		A98A6498242144FC0035ED85 /* Views */ = {
			isa = PBXGroup;
			children = (
				A98A6499242145210035ED85 /* HomeMapViewController.swift */,
				A98A649A242145210035ED85 /* HomeMapViewController.xib */,
			);
			path = Views;
			sourceTree = "<group>";
		};
		A98A649D242145360035ED85 /* LOFOTabBar */ = {
			isa = PBXGroup;
			children = (
				A98A649E242145540035ED85 /* Views */,
			);
			path = LOFOTabBar;
			sourceTree = "<group>";
		};
		A98A649E242145540035ED85 /* Views */ = {
			isa = PBXGroup;
			children = (
				A98A649F242145840035ED85 /* LOFOTabBarController.swift */,
				A98A64A0242145840035ED85 /* LOFOTabBarController.xib */,
			);
			path = Views;
			sourceTree = "<group>";
		};
/* End PBXGroup section */

/* Begin PBXNativeTarget section */
		A94A11FF241E891A006C9F4B /* LOFOTunisia */ = {
			isa = PBXNativeTarget;
			buildConfigurationList = A94A122D241E891E006C9F4B /* Build configuration list for PBXNativeTarget "LOFOTunisia" */;
			buildPhases = (
				A94A11FC241E891A006C9F4B /* Sources */,
				A94A11FD241E891A006C9F4B /* Frameworks */,
				A94A11FE241E891A006C9F4B /* Resources */,
			);
			buildRules = (
			);
			dependencies = (
			);
			name = LOFOTunisia;
			productName = LOFOTunisia;
			productReference = A94A1200241E891A006C9F4B /* LOFOTunisia.app */;
			productType = "com.apple.product-type.application";
		};
		A94A1218241E891E006C9F4B /* LOFOTunisiaTests */ = {
			isa = PBXNativeTarget;
			buildConfigurationList = A94A1230241E891E006C9F4B /* Build configuration list for PBXNativeTarget "LOFOTunisiaTests" */;
			buildPhases = (
				A94A1215241E891E006C9F4B /* Sources */,
				A94A1216241E891E006C9F4B /* Frameworks */,
				A94A1217241E891E006C9F4B /* Resources */,
			);
			buildRules = (
			);
			dependencies = (
				A94A121B241E891E006C9F4B /* PBXTargetDependency */,
			);
			name = LOFOTunisiaTests;
			productName = LOFOTunisiaTests;
			productReference = A94A1219241E891E006C9F4B /* LOFOTunisiaTests.xctest */;
			productType = "com.apple.product-type.bundle.unit-test";
		};
		A94A1223241E891E006C9F4B /* LOFOTunisiaUITests */ = {
			isa = PBXNativeTarget;
			buildConfigurationList = A94A1233241E891E006C9F4B /* Build configuration list for PBXNativeTarget "LOFOTunisiaUITests" */;
			buildPhases = (
				A94A1220241E891E006C9F4B /* Sources */,
				A94A1221241E891E006C9F4B /* Frameworks */,
				A94A1222241E891E006C9F4B /* Resources */,
			);
			buildRules = (
			);
			dependencies = (
				A94A1226241E891E006C9F4B /* PBXTargetDependency */,
			);
			name = LOFOTunisiaUITests;
			productName = LOFOTunisiaUITests;
			productReference = A94A1224241E891E006C9F4B /* LOFOTunisiaUITests.xctest */;
			productType = "com.apple.product-type.bundle.ui-testing";
		};
/* End PBXNativeTarget section */

/* Begin PBXProject section */
		A94A11F8241E891A006C9F4B /* Project object */ = {
			isa = PBXProject;
			attributes = {
				LastSwiftUpdateCheck = 1130;
				LastUpgradeCheck = 1130;
				ORGANIZATIONNAME = "walid sassi";
				TargetAttributes = {
					A94A11FF241E891A006C9F4B = {
						CreatedOnToolsVersion = 11.3;
					};
					A94A1218241E891E006C9F4B = {
						CreatedOnToolsVersion = 11.3;
						TestTargetID = A94A11FF241E891A006C9F4B;
					};
					A94A1223241E891E006C9F4B = {
						CreatedOnToolsVersion = 11.3;
						TestTargetID = A94A11FF241E891A006C9F4B;
					};
				};
			};
			buildConfigurationList = A94A11FB241E891A006C9F4B /* Build configuration list for PBXProject "LOFOTunisia" */;
			compatibilityVersion = "Xcode 9.3";
			developmentRegion = en;
			hasScannedForEncodings = 0;
			knownRegions = (
				en,
				Base,
				fr,
			);
			mainGroup = A94A11F7241E891A006C9F4B;
			productRefGroup = A94A1201241E891A006C9F4B /* Products */;
			projectDirPath = "";
			projectRoot = "";
			targets = (
				A94A11FF241E891A006C9F4B /* LOFOTunisia */,
				A94A1218241E891E006C9F4B /* LOFOTunisiaTests */,
				A94A1223241E891E006C9F4B /* LOFOTunisiaUITests */,
			);
		};
/* End PBXProject section */

/* Begin PBXResourcesBuildPhase section */
		A94A11FE241E891A006C9F4B /* Resources */ = {
			isa = PBXResourcesBuildPhase;
			buildActionMask = 2147483647;
			files = (
				A94A1250241E8E15006C9F4B /* Poppins-Bold.otf in Resources */,
				A94A1255241E8E15006C9F4B /* Poppins-Medium.otf in Resources */,
				A98A648E242144850035ED85 /* ChatViewController.xib in Resources */,
				A94A1251241E8E15006C9F4B /* Poppins-Black.otf in Resources */,
				A94A127F241EA374006C9F4B /* localizable.strings in Resources */,
				A98A649C242145210035ED85 /* HomeMapViewController.xib in Resources */,
				A94A125C241E8E15006C9F4B /* Poppins-ExtraBoldItalic.otf in Resources */,
				A94A1213241E891E006C9F4B /* LaunchScreen.storyboard in Resources */,
				A94A124F241E8E15006C9F4B /* Poppins-Light.otf in Resources */,
				A94A1252241E8E15006C9F4B /* Poppins-MediumItalic.otf in Resources */,
				A94A125B241E8E15006C9F4B /* Poppins-SemiBoldItalic.otf in Resources */,
				A94A1256241E8E15006C9F4B /* Poppins-Regular.otf in Resources */,
				A98A6497242144EF0035ED85 /* HomeListViewController.xib in Resources */,
				A94A1259241E8E15006C9F4B /* Poppins-BlackItalic.otf in Resources */,
				A94A125D241E8E15006C9F4B /* Poppins-ThinItalic.otf in Resources */,
				A94A1253241E8E15006C9F4B /* Poppins-Italic.otf in Resources */,
				A98A647C242142560035ED85 /* SearchViewController.xib in Resources */,
				A94A1254241E8E15006C9F4B /* Poppins-LightItalic.otf in Resources */,
				A98A6482242142900035ED85 /* NotificationsViewController.xib in Resources */,
				A98A64A2242145840035ED85 /* LOFOTabBarController.xib in Resources */,
				A94A1257241E8E15006C9F4B /* Poppins-SemiBold.otf in Resources */,
				A94A125A241E8E15006C9F4B /* Poppins-ExtraLightItalic.otf in Resources */,
				A94A128B241EA431006C9F4B /* SignUpViewController.xib in Resources */,
				A94A125E241E8E15006C9F4B /* Poppins-ExtraLight.otf in Resources */,
				A94A128F241EA4D9006C9F4B /* SignInViewController.xib in Resources */,
				A94A1210241E891E006C9F4B /* Assets.xcassets in Resources */,
				A98A64772421420D0035ED85 /* AddLostViewController.xib in Resources */,
				A94A124D241E8E15006C9F4B /* Poppins-Thin.otf in Resources */,
				A94A1258241E8E15006C9F4B /* Poppins-BoldItalic.otf in Resources */,
				A94A124E241E8E15006C9F4B /* Poppins-ExtraBold.otf in Resources */,
			);
			runOnlyForDeploymentPostprocessing = 0;
		};
		A94A1217241E891E006C9F4B /* Resources */ = {
			isa = PBXResourcesBuildPhase;
			buildActionMask = 2147483647;
			files = (
			);
			runOnlyForDeploymentPostprocessing = 0;
		};
		A94A1222241E891E006C9F4B /* Resources */ = {
			isa = PBXResourcesBuildPhase;
			buildActionMask = 2147483647;
			files = (
			);
			runOnlyForDeploymentPostprocessing = 0;
		};
/* End PBXResourcesBuildPhase section */

/* Begin PBXSourcesBuildPhase section */
		A94A11FC241E891A006C9F4B /* Sources */ = {
			isa = PBXSourcesBuildPhase;
			buildActionMask = 2147483647;
			files = (
				A98A647024213B720035ED85 /* SignInRouter.swift in Sources */,
				A94A1294241EA948006C9F4B /* AuthAPIService.swift in Sources */,
				A98A648F242144850035ED85 /* ChatViewController.swift in Sources */,
				A98A6496242144EF0035ED85 /* HomeListViewController.swift in Sources */,
				A94A128E241EA4D9006C9F4B /* SignInViewController.swift in Sources */,
				A94A120E241E891A006C9F4B /* LOFOTunisia.xcdatamodeld in Sources */,
				A94A1204241E891A006C9F4B /* AppDelegate.swift in Sources */,
				A94A126B241E8EF0006C9F4B /* UIViewControllerExtension.swift in Sources */,
				A94A1292241EA8AE006C9F4B /* LoginAPIService.swift in Sources */,
				A94A1296241EAEAB006C9F4B /* User.swift in Sources */,
				A977F99F241FE53100CDDF19 /* SignInPresenter.swift in Sources */,
				A98A64A1242145840035ED85 /* LOFOTabBarController.swift in Sources */,
				A94A126A241E8EF0006C9F4B /* UIColorExtension.swift in Sources */,
				A98A649B242145210035ED85 /* HomeMapViewController.swift in Sources */,
				A98A64A424215C650035ED85 /* LOFOBackButton.swift in Sources */,
				A98A647D242142560035ED85 /* SearchViewController.swift in Sources */,
				A94A128A241EA431006C9F4B /* SignUpViewController.swift in Sources */,
				A98A6483242142900035ED85 /* NotificationsViewController.swift in Sources */,
				A977F9A1241FE7CD00CDDF19 /* SignInIntercator.swift in Sources */,
				A98A64762421420D0035ED85 /* AddLostViewController.swift in Sources */,
				A94A126F241E9DAC006C9F4B /* CustomButton.swift in Sources */,
				A977F99D241FD74A00CDDF19 /* SignInProtocoles.swift in Sources */,
				A94A1206241E891A006C9F4B /* SceneDelegate.swift in Sources */,
				A94A1271241E9DAC006C9F4B /* EllipseView.swift in Sources */,
				A94A1267241E8EE7006C9F4B /* Constants.swift in Sources */,
				A94A1270241E9DAC006C9F4B /* LOFOTabBar.swift in Sources */,
			);
			runOnlyForDeploymentPostprocessing = 0;
		};
		A94A1215241E891E006C9F4B /* Sources */ = {
			isa = PBXSourcesBuildPhase;
			buildActionMask = 2147483647;
			files = (
				A94A121E241E891E006C9F4B /* LOFOTunisiaTests.swift in Sources */,
			);
			runOnlyForDeploymentPostprocessing = 0;
		};
		A94A1220241E891E006C9F4B /* Sources */ = {
			isa = PBXSourcesBuildPhase;
			buildActionMask = 2147483647;
			files = (
				A94A1229241E891E006C9F4B /* LOFOTunisiaUITests.swift in Sources */,
			);
			runOnlyForDeploymentPostprocessing = 0;
		};
/* End PBXSourcesBuildPhase section */

/* Begin PBXTargetDependency section */
		A94A121B241E891E006C9F4B /* PBXTargetDependency */ = {
			isa = PBXTargetDependency;
			target = A94A11FF241E891A006C9F4B /* LOFOTunisia */;
			targetProxy = A94A121A241E891E006C9F4B /* PBXContainerItemProxy */;
		};
		A94A1226241E891E006C9F4B /* PBXTargetDependency */ = {
			isa = PBXTargetDependency;
			target = A94A11FF241E891A006C9F4B /* LOFOTunisia */;
			targetProxy = A94A1225241E891E006C9F4B /* PBXContainerItemProxy */;
		};
/* End PBXTargetDependency section */

/* Begin PBXVariantGroup section */
		A94A1211241E891E006C9F4B /* LaunchScreen.storyboard */ = {
			isa = PBXVariantGroup;
			children = (
				A94A1212241E891E006C9F4B /* Base */,
				A94A1282241EA384006C9F4B /* fr */,
			);
			name = LaunchScreen.storyboard;
			sourceTree = "<group>";
		};
		A94A1281241EA374006C9F4B /* localizable.strings */ = {
			isa = PBXVariantGroup;
			children = (
				A94A1280241EA374006C9F4B /* en */,
				A94A1283241EA384006C9F4B /* fr */,
			);
			name = localizable.strings;
			sourceTree = "<group>";
		};
/* End PBXVariantGroup section */

/* Begin XCBuildConfiguration section */
		A94A122B241E891E006C9F4B /* Debug */ = {
			isa = XCBuildConfiguration;
			buildSettings = {
				ALWAYS_SEARCH_USER_PATHS = NO;
				CLANG_ANALYZER_LOCALIZABILITY_NONLOCALIZED = YES;
				CLANG_ANALYZER_NONNULL = YES;
				CLANG_ANALYZER_NUMBER_OBJECT_CONVERSION = YES_AGGRESSIVE;
				CLANG_CXX_LANGUAGE_STANDARD = "gnu++14";
				CLANG_CXX_LIBRARY = "libc++";
				CLANG_ENABLE_MODULES = YES;
				CLANG_ENABLE_OBJC_ARC = YES;
				CLANG_ENABLE_OBJC_WEAK = YES;
				CLANG_WARN_BLOCK_CAPTURE_AUTORELEASING = YES;
				CLANG_WARN_BOOL_CONVERSION = YES;
				CLANG_WARN_COMMA = YES;
				CLANG_WARN_CONSTANT_CONVERSION = YES;
				CLANG_WARN_DEPRECATED_OBJC_IMPLEMENTATIONS = YES;
				CLANG_WARN_DIRECT_OBJC_ISA_USAGE = YES_ERROR;
				CLANG_WARN_DOCUMENTATION_COMMENTS = YES;
				CLANG_WARN_EMPTY_BODY = YES;
				CLANG_WARN_ENUM_CONVERSION = YES;
				CLANG_WARN_INFINITE_RECURSION = YES;
				CLANG_WARN_INT_CONVERSION = YES;
				CLANG_WARN_NON_LITERAL_NULL_CONVERSION = YES;
				CLANG_WARN_OBJC_IMPLICIT_RETAIN_SELF = YES;
				CLANG_WARN_OBJC_LITERAL_CONVERSION = YES;
				CLANG_WARN_OBJC_ROOT_CLASS = YES_ERROR;
				CLANG_WARN_RANGE_LOOP_ANALYSIS = YES;
				CLANG_WARN_STRICT_PROTOTYPES = YES;
				CLANG_WARN_SUSPICIOUS_MOVE = YES;
				CLANG_WARN_UNGUARDED_AVAILABILITY = YES_AGGRESSIVE;
				CLANG_WARN_UNREACHABLE_CODE = YES;
				CLANG_WARN__DUPLICATE_METHOD_MATCH = YES;
				COPY_PHASE_STRIP = NO;
				DEBUG_INFORMATION_FORMAT = dwarf;
				ENABLE_STRICT_OBJC_MSGSEND = YES;
				ENABLE_TESTABILITY = YES;
				GCC_C_LANGUAGE_STANDARD = gnu11;
				GCC_DYNAMIC_NO_PIC = NO;
				GCC_NO_COMMON_BLOCKS = YES;
				GCC_OPTIMIZATION_LEVEL = 0;
				GCC_PREPROCESSOR_DEFINITIONS = (
					"DEBUG=1",
					"$(inherited)",
				);
				GCC_WARN_64_TO_32_BIT_CONVERSION = YES;
				GCC_WARN_ABOUT_RETURN_TYPE = YES_ERROR;
				GCC_WARN_UNDECLARED_SELECTOR = YES;
				GCC_WARN_UNINITIALIZED_AUTOS = YES_AGGRESSIVE;
				GCC_WARN_UNUSED_FUNCTION = YES;
				GCC_WARN_UNUSED_VARIABLE = YES;
				IPHONEOS_DEPLOYMENT_TARGET = 13.2;
				MTL_ENABLE_DEBUG_INFO = INCLUDE_SOURCE;
				MTL_FAST_MATH = YES;
				ONLY_ACTIVE_ARCH = YES;
				SDKROOT = iphoneos;
				SWIFT_ACTIVE_COMPILATION_CONDITIONS = DEBUG;
				SWIFT_OPTIMIZATION_LEVEL = "-Onone";
			};
			name = Debug;
		};
		A94A122C241E891E006C9F4B /* Release */ = {
			isa = XCBuildConfiguration;
			buildSettings = {
				ALWAYS_SEARCH_USER_PATHS = NO;
				CLANG_ANALYZER_LOCALIZABILITY_NONLOCALIZED = YES;
				CLANG_ANALYZER_NONNULL = YES;
				CLANG_ANALYZER_NUMBER_OBJECT_CONVERSION = YES_AGGRESSIVE;
				CLANG_CXX_LANGUAGE_STANDARD = "gnu++14";
				CLANG_CXX_LIBRARY = "libc++";
				CLANG_ENABLE_MODULES = YES;
				CLANG_ENABLE_OBJC_ARC = YES;
				CLANG_ENABLE_OBJC_WEAK = YES;
				CLANG_WARN_BLOCK_CAPTURE_AUTORELEASING = YES;
				CLANG_WARN_BOOL_CONVERSION = YES;
				CLANG_WARN_COMMA = YES;
				CLANG_WARN_CONSTANT_CONVERSION = YES;
				CLANG_WARN_DEPRECATED_OBJC_IMPLEMENTATIONS = YES;
				CLANG_WARN_DIRECT_OBJC_ISA_USAGE = YES_ERROR;
				CLANG_WARN_DOCUMENTATION_COMMENTS = YES;
				CLANG_WARN_EMPTY_BODY = YES;
				CLANG_WARN_ENUM_CONVERSION = YES;
				CLANG_WARN_INFINITE_RECURSION = YES;
				CLANG_WARN_INT_CONVERSION = YES;
				CLANG_WARN_NON_LITERAL_NULL_CONVERSION = YES;
				CLANG_WARN_OBJC_IMPLICIT_RETAIN_SELF = YES;
				CLANG_WARN_OBJC_LITERAL_CONVERSION = YES;
				CLANG_WARN_OBJC_ROOT_CLASS = YES_ERROR;
				CLANG_WARN_RANGE_LOOP_ANALYSIS = YES;
				CLANG_WARN_STRICT_PROTOTYPES = YES;
				CLANG_WARN_SUSPICIOUS_MOVE = YES;
				CLANG_WARN_UNGUARDED_AVAILABILITY = YES_AGGRESSIVE;
				CLANG_WARN_UNREACHABLE_CODE = YES;
				CLANG_WARN__DUPLICATE_METHOD_MATCH = YES;
				COPY_PHASE_STRIP = NO;
				DEBUG_INFORMATION_FORMAT = "dwarf-with-dsym";
				ENABLE_NS_ASSERTIONS = NO;
				ENABLE_STRICT_OBJC_MSGSEND = YES;
				GCC_C_LANGUAGE_STANDARD = gnu11;
				GCC_NO_COMMON_BLOCKS = YES;
				GCC_WARN_64_TO_32_BIT_CONVERSION = YES;
				GCC_WARN_ABOUT_RETURN_TYPE = YES_ERROR;
				GCC_WARN_UNDECLARED_SELECTOR = YES;
				GCC_WARN_UNINITIALIZED_AUTOS = YES_AGGRESSIVE;
				GCC_WARN_UNUSED_FUNCTION = YES;
				GCC_WARN_UNUSED_VARIABLE = YES;
				IPHONEOS_DEPLOYMENT_TARGET = 13.2;
				MTL_ENABLE_DEBUG_INFO = NO;
				MTL_FAST_MATH = YES;
				SDKROOT = iphoneos;
				SWIFT_COMPILATION_MODE = wholemodule;
				SWIFT_OPTIMIZATION_LEVEL = "-O";
				VALIDATE_PRODUCT = YES;
			};
			name = Release;
		};
		A94A122E241E891E006C9F4B /* Debug */ = {
			isa = XCBuildConfiguration;
			buildSettings = {
				ASSETCATALOG_COMPILER_APPICON_NAME = AppIcon;
				CODE_SIGN_STYLE = Automatic;
				DEVELOPMENT_TEAM = 3X72U4HH78;
				INFOPLIST_FILE = "$(SRCROOT)/LOFOTunisia/Configurations/Info.plist";
				LD_RUNPATH_SEARCH_PATHS = (
					"$(inherited)",
					"@executable_path/Frameworks",
				);
				PRODUCT_BUNDLE_IDENTIFIER = com.LOFOTunisia;
				PRODUCT_NAME = "$(TARGET_NAME)";
				SWIFT_VERSION = 5.0;
				TARGETED_DEVICE_FAMILY = 1;
			};
			name = Debug;
		};
		A94A122F241E891E006C9F4B /* Release */ = {
			isa = XCBuildConfiguration;
			buildSettings = {
				ASSETCATALOG_COMPILER_APPICON_NAME = AppIcon;
				CODE_SIGN_STYLE = Automatic;
				DEVELOPMENT_TEAM = 3X72U4HH78;
				INFOPLIST_FILE = "$(SRCROOT)/LOFOTunisia/Configurations/Info.plist";
				LD_RUNPATH_SEARCH_PATHS = (
					"$(inherited)",
					"@executable_path/Frameworks",
				);
				PRODUCT_BUNDLE_IDENTIFIER = com.LOFOTunisia;
				PRODUCT_NAME = "$(TARGET_NAME)";
				SWIFT_VERSION = 5.0;
				TARGETED_DEVICE_FAMILY = 1;
			};
			name = Release;
		};
		A94A1231241E891E006C9F4B /* Debug */ = {
			isa = XCBuildConfiguration;
			buildSettings = {
				ALWAYS_EMBED_SWIFT_STANDARD_LIBRARIES = YES;
				BUNDLE_LOADER = "$(TEST_HOST)";
				CODE_SIGN_STYLE = Automatic;
				DEVELOPMENT_TEAM = 99J6CKC79H;
				INFOPLIST_FILE = LOFOTunisiaTests/Info.plist;
				IPHONEOS_DEPLOYMENT_TARGET = 13.2;
				LD_RUNPATH_SEARCH_PATHS = (
					"$(inherited)",
					"@executable_path/Frameworks",
					"@loader_path/Frameworks",
				);
				PRODUCT_BUNDLE_IDENTIFIER = com.mobilepowered.LOFOTunisiaTests;
				PRODUCT_NAME = "$(TARGET_NAME)";
				SWIFT_VERSION = 5.0;
				TARGETED_DEVICE_FAMILY = "1,2";
				TEST_HOST = "$(BUILT_PRODUCTS_DIR)/LOFOTunisia.app/LOFOTunisia";
			};
			name = Debug;
		};
		A94A1232241E891E006C9F4B /* Release */ = {
			isa = XCBuildConfiguration;
			buildSettings = {
				ALWAYS_EMBED_SWIFT_STANDARD_LIBRARIES = YES;
				BUNDLE_LOADER = "$(TEST_HOST)";
				CODE_SIGN_STYLE = Automatic;
				DEVELOPMENT_TEAM = 99J6CKC79H;
				INFOPLIST_FILE = LOFOTunisiaTests/Info.plist;
				IPHONEOS_DEPLOYMENT_TARGET = 13.2;
				LD_RUNPATH_SEARCH_PATHS = (
					"$(inherited)",
					"@executable_path/Frameworks",
					"@loader_path/Frameworks",
				);
				PRODUCT_BUNDLE_IDENTIFIER = com.mobilepowered.LOFOTunisiaTests;
				PRODUCT_NAME = "$(TARGET_NAME)";
				SWIFT_VERSION = 5.0;
				TARGETED_DEVICE_FAMILY = "1,2";
				TEST_HOST = "$(BUILT_PRODUCTS_DIR)/LOFOTunisia.app/LOFOTunisia";
			};
			name = Release;
		};
		A94A1234241E891E006C9F4B /* Debug */ = {
			isa = XCBuildConfiguration;
			buildSettings = {
				ALWAYS_EMBED_SWIFT_STANDARD_LIBRARIES = YES;
				CODE_SIGN_STYLE = Automatic;
				DEVELOPMENT_TEAM = 99J6CKC79H;
				INFOPLIST_FILE = LOFOTunisiaUITests/Info.plist;
				LD_RUNPATH_SEARCH_PATHS = (
					"$(inherited)",
					"@executable_path/Frameworks",
					"@loader_path/Frameworks",
				);
				PRODUCT_BUNDLE_IDENTIFIER = com.mobilepowered.LOFOTunisiaUITests;
				PRODUCT_NAME = "$(TARGET_NAME)";
				SWIFT_VERSION = 5.0;
				TARGETED_DEVICE_FAMILY = "1,2";
				TEST_TARGET_NAME = LOFOTunisia;
			};
			name = Debug;
		};
		A94A1235241E891E006C9F4B /* Release */ = {
			isa = XCBuildConfiguration;
			buildSettings = {
				ALWAYS_EMBED_SWIFT_STANDARD_LIBRARIES = YES;
				CODE_SIGN_STYLE = Automatic;
				DEVELOPMENT_TEAM = 99J6CKC79H;
				INFOPLIST_FILE = LOFOTunisiaUITests/Info.plist;
				LD_RUNPATH_SEARCH_PATHS = (
					"$(inherited)",
					"@executable_path/Frameworks",
					"@loader_path/Frameworks",
				);
				PRODUCT_BUNDLE_IDENTIFIER = com.mobilepowered.LOFOTunisiaUITests;
				PRODUCT_NAME = "$(TARGET_NAME)";
				SWIFT_VERSION = 5.0;
				TARGETED_DEVICE_FAMILY = "1,2";
				TEST_TARGET_NAME = LOFOTunisia;
			};
			name = Release;
		};
/* End XCBuildConfiguration section */

/* Begin XCConfigurationList section */
		A94A11FB241E891A006C9F4B /* Build configuration list for PBXProject "LOFOTunisia" */ = {
			isa = XCConfigurationList;
			buildConfigurations = (
				A94A122B241E891E006C9F4B /* Debug */,
				A94A122C241E891E006C9F4B /* Release */,
			);
			defaultConfigurationIsVisible = 0;
			defaultConfigurationName = Release;
		};
		A94A122D241E891E006C9F4B /* Build configuration list for PBXNativeTarget "LOFOTunisia" */ = {
			isa = XCConfigurationList;
			buildConfigurations = (
				A94A122E241E891E006C9F4B /* Debug */,
				A94A122F241E891E006C9F4B /* Release */,
			);
			defaultConfigurationIsVisible = 0;
			defaultConfigurationName = Release;
		};
		A94A1230241E891E006C9F4B /* Build configuration list for PBXNativeTarget "LOFOTunisiaTests" */ = {
			isa = XCConfigurationList;
			buildConfigurations = (
				A94A1231241E891E006C9F4B /* Debug */,
				A94A1232241E891E006C9F4B /* Release */,
			);
			defaultConfigurationIsVisible = 0;
			defaultConfigurationName = Release;
		};
		A94A1233241E891E006C9F4B /* Build configuration list for PBXNativeTarget "LOFOTunisiaUITests" */ = {
			isa = XCConfigurationList;
			buildConfigurations = (
				A94A1234241E891E006C9F4B /* Debug */,
				A94A1235241E891E006C9F4B /* Release */,
			);
			defaultConfigurationIsVisible = 0;
			defaultConfigurationName = Release;
		};
/* End XCConfigurationList section */

/* Begin XCVersionGroup section */
		A94A120C241E891A006C9F4B /* LOFOTunisia.xcdatamodeld */ = {
			isa = XCVersionGroup;
			children = (
				A94A120D241E891A006C9F4B /* LOFOTunisia.xcdatamodel */,
			);
			currentVersion = A94A120D241E891A006C9F4B /* LOFOTunisia.xcdatamodel */;
			path = LOFOTunisia.xcdatamodeld;
			sourceTree = "<group>";
			versionGroupType = wrapper.xcdatamodel;
		};
/* End XCVersionGroup section */
	};
	rootObject = A94A11F8241E891A006C9F4B /* Project object */;
}
